
Microsoft Visual Studio Solution File, Format Version 12.00
# Visual Studio 15
VisualStudioVersion = 15.0.28010.2019
MinimumVisualStudioVersion = 10.0.40219.1
Project("{FAE04EC0-301F-11D3-BF4B-00C04F79EFBC}") = "WindowsFormsShip", "WindowsFormsShip\WindowsFormsShip.csproj", "{0265CF7C-7200-4872-96C1-F3B544342F25}"
EndProject
Global
	GlobalSection(SolutionConfigurationPlatforms) = preSolution
		Debug|Any CPU = Debug|Any CPU
		Release|Any CPU = Release|Any CPU
	EndGlobalSection
	GlobalSection(ProjectConfigurationPlatforms) = postSolution
		{0265CF7C-7200-4872-96C1-F3B544342F25}.Debug|Any CPU.ActiveCfg = Debug|Any CPU
		{0265CF7C-7200-4872-96C1-F3B544342F25}.Debug|Any CPU.Build.0 = Debug|Any CPU
		{0265CF7C-7200-4872-96C1-F3B544342F25}.Release|Any CPU.ActiveCfg = Release|Any CPU
		{0265CF7C-7200-4872-96C1-F3B544342F25}.Release|Any CPU.Build.0 = Release|Any CPU
	EndGlobalSection
	GlobalSection(SolutionProperties) = preSolution
		HideSolutionNode = FALSE
	EndGlobalSection
	GlobalSection(ExtensibilityGlobals) = postSolution
		SolutionGuid = {F3DCDF7D-431A-44FD-8B5A-933246D71CDA}
	EndGlobalSection
EndGlobal
